
Microsoft Visual Studio Solution File, Format Version 12.00
# Visual Studio Version 17
VisualStudioVersion = 17.9.34723.18
MinimumVisualStudioVersion = 10.0.40219.1
Project("{888888A0-9F3D-457C-B088-3A5042F75D52}") = "List_3", "List_3\List_3.pyproj", "{AD9CAFB5-A4B4-4796-9D34-E15351452FFC}"
EndProject
Global
	GlobalSection(SolutionConfigurationPlatforms) = preSolution
		Debug|Any CPU = Debug|Any CPU
		Release|Any CPU = Release|Any CPU
	EndGlobalSection
	GlobalSection(ProjectConfigurationPlatforms) = postSolution
		{AD9CAFB5-A4B4-4796-9D34-E15351452FFC}.Debug|Any CPU.ActiveCfg = Debug|Any CPU
		{AD9CAFB5-A4B4-4796-9D34-E15351452FFC}.Release|Any CPU.ActiveCfg = Release|Any CPU
	EndGlobalSection
	GlobalSection(SolutionProperties) = preSolution
		HideSolutionNode = FALSE
	EndGlobalSection
	GlobalSection(ExtensibilityGlobals) = postSolution
		SolutionGuid = {066A4A0B-FCE7-44BF-A02A-07E3D1196E40}
	EndGlobalSection
EndGlobal
